{
  "requires": true,
  "lockfileVersion": 1,
  "dependencies": {
    "json-find": {
      "version": "2.0.7",
      "resolved": "https://registry.npmjs.org/json-find/-/json-find-2.0.7.tgz",
      "integrity": "sha512-Lpl8wT7igzWkLxmDB+OWno4J6jZqQQq3AeBpkt7q1cBUOuokOT0rf/WHFAfsOmHt/A5xjpixRDmbyl4H0NlK/Q=="
    }
  }
}
